
Microsoft Visual Studio Solution File, Format Version 12.00
# Visual Studio 15
VisualStudioVersion = 15.0.28307.106
MinimumVisualStudioVersion = 10.0.40219.1
Project("{FAE04EC0-301F-11D3-BF4B-00C04F79EFBC}") = "Project0.Interface", "Project0.Interface\Project0.Interface.csproj", "{1EE862A6-EC8F-4A27-92EF-76AE36072D5C}"
EndProject
Project("{FAE04EC0-301F-11D3-BF4B-00C04F79EFBC}") = "Project0.Library", "Project0.Library\Project0.Library.csproj", "{3DDB9BE8-2BA3-4AEB-BF87-187CD92D6424}"
EndProject
Project("{FAE04EC0-301F-11D3-BF4B-00C04F79EFBC}") = "Project0.Tests", "Project0.Tests\Project0.Tests.csproj", "{2C987ED6-02EF-4036-8C9D-5CE6F3CAE6FC}"
EndProject
Global
	GlobalSection(SolutionConfigurationPlatforms) = preSolution
		Debug|Any CPU = Debug|Any CPU
		Release|Any CPU = Release|Any CPU
	EndGlobalSection
	GlobalSection(ProjectConfigurationPlatforms) = postSolution
		{1EE862A6-EC8F-4A27-92EF-76AE36072D5C}.Debug|Any CPU.ActiveCfg = Debug|Any CPU
		{1EE862A6-EC8F-4A27-92EF-76AE36072D5C}.Debug|Any CPU.Build.0 = Debug|Any CPU
		{1EE862A6-EC8F-4A27-92EF-76AE36072D5C}.Release|Any CPU.ActiveCfg = Release|Any CPU
		{1EE862A6-EC8F-4A27-92EF-76AE36072D5C}.Release|Any CPU.Build.0 = Release|Any CPU
		{3DDB9BE8-2BA3-4AEB-BF87-187CD92D6424}.Debug|Any CPU.ActiveCfg = Debug|Any CPU
		{3DDB9BE8-2BA3-4AEB-BF87-187CD92D6424}.Debug|Any CPU.Build.0 = Debug|Any CPU
		{3DDB9BE8-2BA3-4AEB-BF87-187CD92D6424}.Release|Any CPU.ActiveCfg = Release|Any CPU
		{3DDB9BE8-2BA3-4AEB-BF87-187CD92D6424}.Release|Any CPU.Build.0 = Release|Any CPU
		{2C987ED6-02EF-4036-8C9D-5CE6F3CAE6FC}.Debug|Any CPU.ActiveCfg = Debug|Any CPU
		{2C987ED6-02EF-4036-8C9D-5CE6F3CAE6FC}.Debug|Any CPU.Build.0 = Debug|Any CPU
		{2C987ED6-02EF-4036-8C9D-5CE6F3CAE6FC}.Release|Any CPU.ActiveCfg = Release|Any CPU
		{2C987ED6-02EF-4036-8C9D-5CE6F3CAE6FC}.Release|Any CPU.Build.0 = Release|Any CPU
	EndGlobalSection
	GlobalSection(SolutionProperties) = preSolution
		HideSolutionNode = FALSE
	EndGlobalSection
	GlobalSection(ExtensibilityGlobals) = postSolution
		SolutionGuid = {A5C96A09-0D04-47D1-A4A4-254FA8E615E7}
	EndGlobalSection
EndGlobal
